// !$*UTF8*$!
{
	archiveVersion = 1;
	classes = {
	};
	objectVersion = 46;
	objects = {

/* Begin PBXBuildFile section */
		842070051EF7A5DF00847CE2 /* main.m in Sources */ = {isa = PBXBuildFile; fileRef = 842070041EF7A5DF00847CE2 /* main.m */; };
		842070081EF7A5DF00847CE2 /* AppDelegate.m in Sources */ = {isa = PBXBuildFile; fileRef = 842070071EF7A5DF00847CE2 /* AppDelegate.m */; };
		8420700B1EF7A5DF00847CE2 /* ViewController.m in Sources */ = {isa = PBXBuildFile; fileRef = 8420700A1EF7A5DF00847CE2 /* ViewController.m */; };
		8420700E1EF7A5DF00847CE2 /* Main.storyboard in Resources */ = {isa = PBXBuildFile; fileRef = 8420700C1EF7A5DF00847CE2 /* Main.storyboard */; };
		842070101EF7A5DF00847CE2 /* Assets.xcassets in Resources */ = {isa = PBXBuildFile; fileRef = 8420700F1EF7A5DF00847CE2 /* Assets.xcassets */; };
		842070131EF7A5DF00847CE2 /* LaunchScreen.storyboard in Resources */ = {isa = PBXBuildFile; fileRef = 842070111EF7A5DF00847CE2 /* LaunchScreen.storyboard */; };
		8420701C1EF7A94200847CE2 /* ATMCoreJSHelper.m in Sources */ = {isa = PBXBuildFile; fileRef = 8420701B1EF7A94200847CE2 /* ATMCoreJSHelper.m */; };
		8480038F1EFB5F5B006F4429 /* ATMJSHelperTests.m in Sources */ = {isa = PBXBuildFile; fileRef = 8480038E1EFB5F5B006F4429 /* ATMJSHelperTests.m */; };
		848003961EFB5FAD006F4429 /* ATMCoreJSHelper.m in Sources */ = {isa = PBXBuildFile; fileRef = 8420701B1EF7A94200847CE2 /* ATMCoreJSHelper.m */; };
		848003991EFB61D8006F4429 /* MobileCoreServices.framework in Frameworks */ = {isa = PBXBuildFile; fileRef = 848003981EFB61D8006F4429 /* MobileCoreServices.framework */; };
/* End PBXBuildFile section */

/* Begin PBXContainerItemProxy section */
		848003911EFB5F5B006F4429 /* PBXContainerItemProxy */ = {
			isa = PBXContainerItemProxy;
			containerPortal = 84206FF81EF7A5DF00847CE2 /* Project object */;
			proxyType = 1;
			remoteGlobalIDString = 84206FFF1EF7A5DF00847CE2;
			remoteInfo = ATMJSHelper;
		};
/* End PBXContainerItemProxy section */

/* Begin PBXFileReference section */
		842070001EF7A5DF00847CE2 /* ATMJSHelper.app */ = {isa = PBXFileReference; explicitFileType = wrapper.application; includeInIndex = 0; path = ATMJSHelper.app; sourceTree = BUILT_PRODUCTS_DIR; };
		842070041EF7A5DF00847CE2 /* main.m */ = {isa = PBXFileReference; lastKnownFileType = sourcecode.c.objc; path = main.m; sourceTree = "<group>"; };
		842070061EF7A5DF00847CE2 /* AppDelegate.h */ = {isa = PBXFileReference; lastKnownFileType = sourcecode.c.h; path = AppDelegate.h; sourceTree = "<group>"; };
		842070071EF7A5DF00847CE2 /* AppDelegate.m */ = {isa = PBXFileReference; lastKnownFileType = sourcecode.c.objc; path = AppDelegate.m; sourceTree = "<group>"; };
		842070091EF7A5DF00847CE2 /* ViewController.h */ = {isa = PBXFileReference; lastKnownFileType = sourcecode.c.h; path = ViewController.h; sourceTree = "<group>"; };
		8420700A1EF7A5DF00847CE2 /* ViewController.m */ = {isa = PBXFileReference; lastKnownFileType = sourcecode.c.objc; path = ViewController.m; sourceTree = "<group>"; };
		8420700D1EF7A5DF00847CE2 /* Base */ = {isa = PBXFileReference; lastKnownFileType = file.storyboard; name = Base; path = Base.lproj/Main.storyboard; sourceTree = "<group>"; };
		8420700F1EF7A5DF00847CE2 /* Assets.xcassets */ = {isa = PBXFileReference; lastKnownFileType = folder.assetcatalog; path = Assets.xcassets; sourceTree = "<group>"; };
		842070121EF7A5DF00847CE2 /* Base */ = {isa = PBXFileReference; lastKnownFileType = file.storyboard; name = Base; path = Base.lproj/LaunchScreen.storyboard; sourceTree = "<group>"; };
		842070141EF7A5DF00847CE2 /* Info.plist */ = {isa = PBXFileReference; lastKnownFileType = text.plist.xml; path = Info.plist; sourceTree = "<group>"; };
		8420701A1EF7A94200847CE2 /* ATMCoreJSHelper.h */ = {isa = PBXFileReference; fileEncoding = 4; lastKnownFileType = sourcecode.c.h; path = ATMCoreJSHelper.h; sourceTree = "<group>"; };
		8420701B1EF7A94200847CE2 /* ATMCoreJSHelper.m */ = {isa = PBXFileReference; fileEncoding = 4; lastKnownFileType = sourcecode.c.objc; path = ATMCoreJSHelper.m; sourceTree = "<group>"; };
		8480038C1EFB5F5B006F4429 /* ATMJSHelperTests.xctest */ = {isa = PBXFileReference; explicitFileType = wrapper.cfbundle; includeInIndex = 0; path = ATMJSHelperTests.xctest; sourceTree = BUILT_PRODUCTS_DIR; };
		8480038E1EFB5F5B006F4429 /* ATMJSHelperTests.m */ = {isa = PBXFileReference; lastKnownFileType = sourcecode.c.objc; path = ATMJSHelperTests.m; sourceTree = "<group>"; };
		848003901EFB5F5B006F4429 /* Info.plist */ = {isa = PBXFileReference; lastKnownFileType = text.plist.xml; path = Info.plist; sourceTree = "<group>"; };
		848003981EFB61D8006F4429 /* MobileCoreServices.framework */ = {isa = PBXFileReference; lastKnownFileType = wrapper.framework; name = MobileCoreServices.framework; path = System/Library/Frameworks/MobileCoreServices.framework; sourceTree = SDKROOT; };
/* End PBXFileReference section */

/* Begin PBXFrameworksBuildPhase section */
		84206FFD1EF7A5DF00847CE2 /* Frameworks */ = {
			isa = PBXFrameworksBuildPhase;
			buildActionMask = 2147483647;
			files = (
			);
			runOnlyForDeploymentPostprocessing = 0;
		};
		848003891EFB5F5B006F4429 /* Frameworks */ = {
			isa = PBXFrameworksBuildPhase;
			buildActionMask = 2147483647;
			files = (
				848003991EFB61D8006F4429 /* MobileCoreServices.framework in Frameworks */,
			);
			runOnlyForDeploymentPostprocessing = 0;
		};
/* End PBXFrameworksBuildPhase section */

/* Begin PBXGroup section */
		84206FF71EF7A5DF00847CE2 = {
			isa = PBXGroup;
			children = (
				842070021EF7A5DF00847CE2 /* ATMJSHelper */,
				8480038D1EFB5F5B006F4429 /* ATMJSHelperTests */,
				842070011EF7A5DF00847CE2 /* Products */,
				848003971EFB61D8006F4429 /* Frameworks */,
			);
			sourceTree = "<group>";
		};
		842070011EF7A5DF00847CE2 /* Products */ = {
			isa = PBXGroup;
			children = (
				842070001EF7A5DF00847CE2 /* ATMJSHelper.app */,
				8480038C1EFB5F5B006F4429 /* ATMJSHelperTests.xctest */,
			);
			name = Products;
			sourceTree = "<group>";
		};
		842070021EF7A5DF00847CE2 /* ATMJSHelper */ = {
			isa = PBXGroup;
			children = (
				8420701A1EF7A94200847CE2 /* ATMCoreJSHelper.h */,
				8420701B1EF7A94200847CE2 /* ATMCoreJSHelper.m */,
				842070061EF7A5DF00847CE2 /* AppDelegate.h */,
				842070071EF7A5DF00847CE2 /* AppDelegate.m */,
				842070091EF7A5DF00847CE2 /* ViewController.h */,
				8420700A1EF7A5DF00847CE2 /* ViewController.m */,
				8420700C1EF7A5DF00847CE2 /* Main.storyboard */,
				8420700F1EF7A5DF00847CE2 /* Assets.xcassets */,
				842070111EF7A5DF00847CE2 /* LaunchScreen.storyboard */,
				842070141EF7A5DF00847CE2 /* Info.plist */,
				842070031EF7A5DF00847CE2 /* Supporting Files */,
			);
			path = ATMJSHelper;
			sourceTree = "<group>";
		};
		842070031EF7A5DF00847CE2 /* Supporting Files */ = {
			isa = PBXGroup;
			children = (
				842070041EF7A5DF00847CE2 /* main.m */,
			);
			name = "Supporting Files";
			sourceTree = "<group>";
		};
		8480038D1EFB5F5B006F4429 /* ATMJSHelperTests */ = {
			isa = PBXGroup;
			children = (
				8480038E1EFB5F5B006F4429 /* ATMJSHelperTests.m */,
				848003901EFB5F5B006F4429 /* Info.plist */,
			);
			path = ATMJSHelperTests;
			sourceTree = "<group>";
		};
		848003971EFB61D8006F4429 /* Frameworks */ = {
			isa = PBXGroup;
			children = (
				848003981EFB61D8006F4429 /* MobileCoreServices.framework */,
			);
			name = Frameworks;
			sourceTree = "<group>";
		};
/* End PBXGroup section */

/* Begin PBXNativeTarget section */
		84206FFF1EF7A5DF00847CE2 /* ATMJSHelper */ = {
			isa = PBXNativeTarget;
			buildConfigurationList = 842070171EF7A5DF00847CE2 /* Build configuration list for PBXNativeTarget "ATMJSHelper" */;
			buildPhases = (
				84206FFC1EF7A5DF00847CE2 /* Sources */,
				84206FFD1EF7A5DF00847CE2 /* Frameworks */,
				84206FFE1EF7A5DF00847CE2 /* Resources */,
			);
			buildRules = (
			);
			dependencies = (
			);
			name = ATMJSHelper;
			productName = ATMJSHelper;
			productReference = 842070001EF7A5DF00847CE2 /* ATMJSHelper.app */;
			productType = "com.apple.product-type.application";
		};
		8480038B1EFB5F5B006F4429 /* ATMJSHelperTests */ = {
			isa = PBXNativeTarget;
			buildConfigurationList = 848003931EFB5F5B006F4429 /* Build configuration list for PBXNativeTarget "ATMJSHelperTests" */;
			buildPhases = (
				848003881EFB5F5B006F4429 /* Sources */,
				848003891EFB5F5B006F4429 /* Frameworks */,
				8480038A1EFB5F5B006F4429 /* Resources */,
			);
			buildRules = (
			);
			dependencies = (
				848003921EFB5F5B006F4429 /* PBXTargetDependency */,
			);
			name = ATMJSHelperTests;
			productName = ATMJSHelperTests;
			productReference = 8480038C1EFB5F5B006F4429 /* ATMJSHelperTests.xctest */;
			productType = "com.apple.product-type.bundle.unit-test";
		};
/* End PBXNativeTarget section */

/* Begin PBXProject section */
		84206FF81EF7A5DF00847CE2 /* Project object */ = {
			isa = PBXProject;
			attributes = {
				LastUpgradeCheck = 0830;
				ORGANIZATIONNAME = "admin ";
				TargetAttributes = {
					84206FFF1EF7A5DF00847CE2 = {
						CreatedOnToolsVersion = 8.3.2;
						DevelopmentTeam = TARU52KTC7;
						ProvisioningStyle = Automatic;
					};
					8480038B1EFB5F5B006F4429 = {
						CreatedOnToolsVersion = 8.3.2;
						DevelopmentTeam = TARU52KTC7;
						ProvisioningStyle = Automatic;
						TestTargetID = 84206FFF1EF7A5DF00847CE2;
					};
				};
			};
			buildConfigurationList = 84206FFB1EF7A5DF00847CE2 /* Build configuration list for PBXProject "ATMJSHelper" */;
			compatibilityVersion = "Xcode 3.2";
			developmentRegion = English;
			hasScannedForEncodings = 0;
			knownRegions = (
				en,
				Base,
			);
			mainGroup = 84206FF71EF7A5DF00847CE2;
			productRefGroup = 842070011EF7A5DF00847CE2 /* Products */;
			projectDirPath = "";
			projectRoot = "";
			targets = (
				84206FFF1EF7A5DF00847CE2 /* ATMJSHelper */,
				8480038B1EFB5F5B006F4429 /* ATMJSHelperTests */,
			);
		};
/* End PBXProject section */

/* Begin PBXResourcesBuildPhase section */
		84206FFE1EF7A5DF00847CE2 /* Resources */ = {
			isa = PBXResourcesBuildPhase;
			buildActionMask = 2147483647;
			files = (
				842070131EF7A5DF00847CE2 /* LaunchScreen.storyboard in Resources */,
				842070101EF7A5DF00847CE2 /* Assets.xcassets in Resources */,
				8420700E1EF7A5DF00847CE2 /* Main.storyboard in Resources */,
			);
			runOnlyForDeploymentPostprocessing = 0;
		};
		8480038A1EFB5F5B006F4429 /* Resources */ = {
			isa = PBXResourcesBuildPhase;
			buildActionMask = 2147483647;
			files = (
			);
			runOnlyForDeploymentPostprocessing = 0;
		};
/* End PBXResourcesBuildPhase section */

/* Begin PBXSourcesBuildPhase section */
		84206FFC1EF7A5DF00847CE2 /* Sources */ = {
			isa = PBXSourcesBuildPhase;
			buildActionMask = 2147483647;
			files = (
				8420700B1EF7A5DF00847CE2 /* ViewController.m in Sources */,
				842070081EF7A5DF00847CE2 /* AppDelegate.m in Sources */,
				842070051EF7A5DF00847CE2 /* main.m in Sources */,
				8420701C1EF7A94200847CE2 /* ATMCoreJSHelper.m in Sources */,
			);
			runOnlyForDeploymentPostprocessing = 0;
		};
		848003881EFB5F5B006F4429 /* Sources */ = {
			isa = PBXSourcesBuildPhase;
			buildActionMask = 2147483647;
			files = (
				848003961EFB5FAD006F4429 /* ATMCoreJSHelper.m in Sources */,
				8480038F1EFB5F5B006F4429 /* ATMJSHelperTests.m in Sources */,
			);
			runOnlyForDeploymentPostprocessing = 0;
		};
/* End PBXSourcesBuildPhase section */

/* Begin PBXTargetDependency section */
		848003921EFB5F5B006F4429 /* PBXTargetDependency */ = {
			isa = PBXTargetDependency;
			target = 84206FFF1EF7A5DF00847CE2 /* ATMJSHelper */;
			targetProxy = 848003911EFB5F5B006F4429 /* PBXContainerItemProxy */;
		};
/* End PBXTargetDependency section */

/* Begin PBXVariantGroup section */
		8420700C1EF7A5DF00847CE2 /* Main.storyboard */ = {
			isa = PBXVariantGroup;
			children = (
				8420700D1EF7A5DF00847CE2 /* Base */,
			);
			name = Main.storyboard;
			sourceTree = "<group>";
		};
		842070111EF7A5DF00847CE2 /* LaunchScreen.storyboard */ = {
			isa = PBXVariantGroup;
			children = (
				842070121EF7A5DF00847CE2 /* Base */,
			);
			name = LaunchScreen.storyboard;
			sourceTree = "<group>";
		};
/* End PBXVariantGroup section */

/* Begin XCBuildConfiguration section */
		842070151EF7A5DF00847CE2 /* Debug */ = {
			isa = XCBuildConfiguration;
			buildSettings = {
				ALWAYS_SEARCH_USER_PATHS = NO;
				CLANG_ANALYZER_NONNULL = YES;
				CLANG_ANALYZER_NUMBER_OBJECT_CONVERSION = YES_AGGRESSIVE;
				CLANG_CXX_LANGUAGE_STANDARD = "gnu++0x";
				CLANG_CXX_LIBRARY = "libc++";
				CLANG_ENABLE_MODULES = YES;
				CLANG_ENABLE_OBJC_ARC = YES;
				CLANG_WARN_BOOL_CONVERSION = YES;
				CLANG_WARN_CONSTANT_CONVERSION = YES;
				CLANG_WARN_DIRECT_OBJC_ISA_USAGE = YES_ERROR;
				CLANG_WARN_DOCUMENTATION_COMMENTS = YES;
				CLANG_WARN_EMPTY_BODY = YES;
				CLANG_WARN_ENUM_CONVERSION = YES;
				CLANG_WARN_INFINITE_RECURSION = YES;
				CLANG_WARN_INT_CONVERSION = YES;
				CLANG_WARN_OBJC_ROOT_CLASS = YES_ERROR;
				CLANG_WARN_SUSPICIOUS_MOVE = YES;
				CLANG_WARN_UNREACHABLE_CODE = YES;
				CLANG_WARN__DUPLICATE_METHOD_MATCH = YES;
				"CODE_SIGN_IDENTITY[sdk=iphoneos*]" = "iPhone Developer";
				COPY_PHASE_STRIP = NO;
				DEBUG_INFORMATION_FORMAT = dwarf;
				ENABLE_STRICT_OBJC_MSGSEND = YES;
				ENABLE_TESTABILITY = YES;
				GCC_C_LANGUAGE_STANDARD = gnu99;
				GCC_DYNAMIC_NO_PIC = NO;
				GCC_NO_COMMON_BLOCKS = YES;
				GCC_OPTIMIZATION_LEVEL = 0;
				GCC_PREPROCESSOR_DEFINITIONS = (
					"DEBUG=1",
					"$(inherited)",
				);
				GCC_WARN_64_TO_32_BIT_CONVERSION = YES;
				GCC_WARN_ABOUT_RETURN_TYPE = YES_ERROR;
				GCC_WARN_UNDECLARED_SELECTOR = YES;
				GCC_WARN_UNINITIALIZED_AUTOS = YES_AGGRESSIVE;
				GCC_WARN_UNUSED_FUNCTION = YES;
				GCC_WARN_UNUSED_VARIABLE = YES;
				IPHONEOS_DEPLOYMENT_TARGET = 10.3;
				MTL_ENABLE_DEBUG_INFO = YES;
				ONLY_ACTIVE_ARCH = YES;
				SDKROOT = iphoneos;
			};
			name = Debug;
		};
		842070161EF7A5DF00847CE2 /* Release */ = {
			isa = XCBuildConfiguration;
			buildSettings = {
				ALWAYS_SEARCH_USER_PATHS = NO;
				CLANG_ANALYZER_NONNULL = YES;
				CLANG_ANALYZER_NUMBER_OBJECT_CONVERSION = YES_AGGRESSIVE;
				CLANG_CXX_LANGUAGE_STANDARD = "gnu++0x";
				CLANG_CXX_LIBRARY = "libc++";
				CLANG_ENABLE_MODULES = YES;
				CLANG_ENABLE_OBJC_ARC = YES;
				CLANG_WARN_BOOL_CONVERSION = YES;
				CLANG_WARN_CONSTANT_CONVERSION = YES;
				CLANG_WARN_DIRECT_OBJC_ISA_USAGE = YES_ERROR;
				CLANG_WARN_DOCUMENTATION_COMMENTS = YES;
				CLANG_WARN_EMPTY_BODY = YES;
				CLANG_WARN_ENUM_CONVERSION = YES;
				CLANG_WARN_INFINITE_RECURSION = YES;
				CLANG_WARN_INT_CONVERSION = YES;
				CLANG_WARN_OBJC_ROOT_CLASS = YES_ERROR;
				CLANG_WARN_SUSPICIOUS_MOVE = YES;
				CLANG_WARN_UNREACHABLE_CODE = YES;
				CLANG_WARN__DUPLICATE_METHOD_MATCH = YES;
				"CODE_SIGN_IDENTITY[sdk=iphoneos*]" = "iPhone Developer";
				COPY_PHASE_STRIP = NO;
				DEBUG_INFORMATION_FORMAT = "dwarf-with-dsym";
				ENABLE_NS_ASSERTIONS = NO;
				ENABLE_STRICT_OBJC_MSGSEND = YES;
				GCC_C_LANGUAGE_STANDARD = gnu99;
				GCC_NO_COMMON_BLOCKS = YES;
				GCC_WARN_64_TO_32_BIT_CONVERSION = YES;
				GCC_WARN_ABOUT_RETURN_TYPE = YES_ERROR;
				GCC_WARN_UNDECLARED_SELECTOR = YES;
				GCC_WARN_UNINITIALIZED_AUTOS = YES_AGGRESSIVE;
				GCC_WARN_UNUSED_FUNCTION = YES;
				GCC_WARN_UNUSED_VARIABLE = YES;
				IPHONEOS_DEPLOYMENT_TARGET = 10.3;
				MTL_ENABLE_DEBUG_INFO = NO;
				SDKROOT = iphoneos;
				VALIDATE_PRODUCT = YES;
			};
			name = Release;
		};
		842070181EF7A5DF00847CE2 /* Debug */ = {
			isa = XCBuildConfiguration;
			buildSettings = {
				ASSETCATALOG_COMPILER_APPICON_NAME = AppIcon;
				DEVELOPMENT_TEAM = TARU52KTC7;
				INFOPLIST_FILE = ATMJSHelper/Info.plist;
				IPHONEOS_DEPLOYMENT_TARGET = 8.0;
				LD_RUNPATH_SEARCH_PATHS = "$(inherited) @executable_path/Frameworks";
				PRODUCT_BUNDLE_IDENTIFIER = com.atm.apiLookup.ATMJSHelper;
				PRODUCT_NAME = "$(TARGET_NAME)";
			};
			name = Debug;
		};
		842070191EF7A5DF00847CE2 /* Release */ = {
			isa = XCBuildConfiguration;
			buildSettings = {
				ASSETCATALOG_COMPILER_APPICON_NAME = AppIcon;
				DEVELOPMENT_TEAM = TARU52KTC7;
				INFOPLIST_FILE = ATMJSHelper/Info.plist;
				IPHONEOS_DEPLOYMENT_TARGET = 8.0;
				LD_RUNPATH_SEARCH_PATHS = "$(inherited) @executable_path/Frameworks";
				PRODUCT_BUNDLE_IDENTIFIER = com.atm.apiLookup.ATMJSHelper;
				PRODUCT_NAME = "$(TARGET_NAME)";
			};
			name = Release;
		};
		848003941EFB5F5B006F4429 /* Debug */ = {
			isa = XCBuildConfiguration;
			buildSettings = {
				BUNDLE_LOADER = "$(TEST_HOST)";
				DEVELOPMENT_TEAM = TARU52KTC7;
				INFOPLIST_FILE = ATMJSHelperTests/Info.plist;
				LD_RUNPATH_SEARCH_PATHS = "$(inherited) @executable_path/Frameworks @loader_path/Frameworks";
				PRODUCT_BUNDLE_IDENTIFIER = com.atm.core.ATMJSHelperTests;
				PRODUCT_NAME = "$(TARGET_NAME)";
				TEST_HOST = "$(BUILT_PRODUCTS_DIR)/ATMJSHelper.app/ATMJSHelper";
			};
			name = Debug;
		};
		848003951EFB5F5B006F4429 /* Release */ = {
			isa = XCBuildConfiguration;
			buildSettings = {
				BUNDLE_LOADER = "$(TEST_HOST)";
				DEVELOPMENT_TEAM = TARU52KTC7;
				INFOPLIST_FILE = ATMJSHelperTests/Info.plist;
				LD_RUNPATH_SEARCH_PATHS = "$(inherited) @executable_path/Frameworks @loader_path/Frameworks";
				PRODUCT_BUNDLE_IDENTIFIER = com.atm.core.ATMJSHelperTests;
				PRODUCT_NAME = "$(TARGET_NAME)";
				TEST_HOST = "$(BUILT_PRODUCTS_DIR)/ATMJSHelper.app/ATMJSHelper";
			};
			name = Release;
		};
/* End XCBuildConfiguration section */

/* Begin XCConfigurationList section */
		84206FFB1EF7A5DF00847CE2 /* Build configuration list for PBXProject "ATMJSHelper" */ = {
			isa = XCConfigurationList;
			buildConfigurations = (
				842070151EF7A5DF00847CE2 /* Debug */,
				842070161EF7A5DF00847CE2 /* Release */,
			);
			defaultConfigurationIsVisible = 0;
			defaultConfigurationName = Release;
		};
		842070171EF7A5DF00847CE2 /* Build configuration list for PBXNativeTarget "ATMJSHelper" */ = {
			isa = XCConfigurationList;
			buildConfigurations = (
				842070181EF7A5DF00847CE2 /* Debug */,
				842070191EF7A5DF00847CE2 /* Release */,
			);
			defaultConfigurationIsVisible = 0;
			defaultConfigurationName = Release;
		};
		848003931EFB5F5B006F4429 /* Build configuration list for PBXNativeTarget "ATMJSHelperTests" */ = {
			isa = XCConfigurationList;
			buildConfigurations = (
				848003941EFB5F5B006F4429 /* Debug */,
				848003951EFB5F5B006F4429 /* Release */,
			);
			defaultConfigurationIsVisible = 0;
		};
/* End XCConfigurationList section */
	};
	rootObject = 84206FF81EF7A5DF00847CE2 /* Project object */;
}
